// !$*UTF8*$!
{
	archiveVersion = 1;
	classes = {
	};
	objectVersion = 46;
	objects = {

/* Begin PBXBuildFile section */
		38EBACCE1DC1F26C00A1FF09 /* AppDelegate.swift in Sources */ = {isa = PBXBuildFile; fileRef = 38EBACCD1DC1F26C00A1FF09 /* AppDelegate.swift */; };
		38EBACD01DC1F26C00A1FF09 /* ViewController.swift in Sources */ = {isa = PBXBuildFile; fileRef = 38EBACCF1DC1F26C00A1FF09 /* ViewController.swift */; };
		38EBACD31DC1F26C00A1FF09 /* Main.storyboard in Resources */ = {isa = PBXBuildFile; fileRef = 38EBACD11DC1F26C00A1FF09 /* Main.storyboard */; };
		38EBACD51DC1F26C00A1FF09 /* Assets.xcassets in Resources */ = {isa = PBXBuildFile; fileRef = 38EBACD41DC1F26C00A1FF09 /* Assets.xcassets */; };
		38EBACD81DC1F26C00A1FF09 /* LaunchScreen.storyboard in Resources */ = {isa = PBXBuildFile; fileRef = 38EBACD61DC1F26C00A1FF09 /* LaunchScreen.storyboard */; };
		38EBACE31DC1F2CA00A1FF09 /* WOWRibbonView.swift in Sources */ = {isa = PBXBuildFile; fileRef = 38EBACE11DC1F2CA00A1FF09 /* WOWRibbonView.swift */; };
/* End PBXBuildFile section */

/* Begin PBXFileReference section */
		38EBACCA1DC1F26C00A1FF09 /* WOWRibbonView.app */ = {isa = PBXFileReference; explicitFileType = wrapper.application; includeInIndex = 0; path = WOWRibbonView.app; sourceTree = BUILT_PRODUCTS_DIR; };
		38EBACCD1DC1F26C00A1FF09 /* AppDelegate.swift */ = {isa = PBXFileReference; lastKnownFileType = sourcecode.swift; path = AppDelegate.swift; sourceTree = "<group>"; };
		38EBACCF1DC1F26C00A1FF09 /* ViewController.swift */ = {isa = PBXFileReference; lastKnownFileType = sourcecode.swift; path = ViewController.swift; sourceTree = "<group>"; };
		38EBACD21DC1F26C00A1FF09 /* Base */ = {isa = PBXFileReference; lastKnownFileType = file.storyboard; name = Base; path = Base.lproj/Main.storyboard; sourceTree = "<group>"; };
		38EBACD41DC1F26C00A1FF09 /* Assets.xcassets */ = {isa = PBXFileReference; lastKnownFileType = folder.assetcatalog; path = Assets.xcassets; sourceTree = "<group>"; };
		38EBACD71DC1F26C00A1FF09 /* Base */ = {isa = PBXFileReference; lastKnownFileType = file.storyboard; name = Base; path = Base.lproj/LaunchScreen.storyboard; sourceTree = "<group>"; };
		38EBACD91DC1F26C00A1FF09 /* Info.plist */ = {isa = PBXFileReference; lastKnownFileType = text.plist.xml; path = Info.plist; sourceTree = "<group>"; };
		38EBACE01DC1F2CA00A1FF09 /* README.md */ = {isa = PBXFileReference; fileEncoding = 4; lastKnownFileType = net.daringfireball.markdown; path = README.md; sourceTree = "<group>"; };
		38EBACE11DC1F2CA00A1FF09 /* WOWRibbonView.swift */ = {isa = PBXFileReference; fileEncoding = 4; lastKnownFileType = sourcecode.swift; path = WOWRibbonView.swift; sourceTree = "<group>"; };
/* End PBXFileReference section */

/* Begin PBXFrameworksBuildPhase section */
		38EBACC71DC1F26C00A1FF09 /* Frameworks */ = {
			isa = PBXFrameworksBuildPhase;
			buildActionMask = 2147483647;
			files = (
			);
			runOnlyForDeploymentPostprocessing = 0;
		};
/* End PBXFrameworksBuildPhase section */

/* Begin PBXGroup section */
		38EBACC11DC1F26C00A1FF09 = {
			isa = PBXGroup;
			children = (
				38EBACCC1DC1F26C00A1FF09 /* WOWRibbonView */,
				38EBACCB1DC1F26C00A1FF09 /* Products */,
			);
			sourceTree = "<group>";
		};
		38EBACCB1DC1F26C00A1FF09 /* Products */ = {
			isa = PBXGroup;
			children = (
				38EBACCA1DC1F26C00A1FF09 /* WOWRibbonView.app */,
			);
			name = Products;
			sourceTree = "<group>";
		};
		38EBACCC1DC1F26C00A1FF09 /* WOWRibbonView */ = {
			isa = PBXGroup;
			children = (
				38EBACDF1DC1F2CA00A1FF09 /* src */,
				38EBACCD1DC1F26C00A1FF09 /* AppDelegate.swift */,
				38EBACCF1DC1F26C00A1FF09 /* ViewController.swift */,
				38EBACD11DC1F26C00A1FF09 /* Main.storyboard */,
				38EBACD41DC1F26C00A1FF09 /* Assets.xcassets */,
				38EBACD61DC1F26C00A1FF09 /* LaunchScreen.storyboard */,
				38EBACD91DC1F26C00A1FF09 /* Info.plist */,
			);
			path = WOWRibbonView;
			sourceTree = "<group>";
		};
		38EBACDF1DC1F2CA00A1FF09 /* src */ = {
			isa = PBXGroup;
			children = (
				38EBACE01DC1F2CA00A1FF09 /* README.md */,
				38EBACE11DC1F2CA00A1FF09 /* WOWRibbonView.swift */,
			);
			path = src;
			sourceTree = "<group>";
		};
/* End PBXGroup section */

/* Begin PBXNativeTarget section */
		38EBACC91DC1F26C00A1FF09 /* WOWRibbonView */ = {
			isa = PBXNativeTarget;
			buildConfigurationList = 38EBACDC1DC1F26C00A1FF09 /* Build configuration list for PBXNativeTarget "WOWRibbonView" */;
			buildPhases = (
				38EBACC61DC1F26C00A1FF09 /* Sources */,
				38EBACC71DC1F26C00A1FF09 /* Frameworks */,
				38EBACC81DC1F26C00A1FF09 /* Resources */,
			);
			buildRules = (
			);
			dependencies = (
			);
			name = WOWRibbonView;
			productName = WOWRibbonView;
			productReference = 38EBACCA1DC1F26C00A1FF09 /* WOWRibbonView.app */;
			productType = "com.apple.product-type.application";
		};
/* End PBXNativeTarget section */

/* Begin PBXProject section */
		38EBACC21DC1F26C00A1FF09 /* Project object */ = {
			isa = PBXProject;
			attributes = {
				LastSwiftUpdateCheck = 0800;
				LastUpgradeCheck = 0800;
				ORGANIZATIONNAME = "Zhou Hao";
				TargetAttributes = {
					38EBACC91DC1F26C00A1FF09 = {
						CreatedOnToolsVersion = 8.0;
						DevelopmentTeam = N39FB4CHYV;
						ProvisioningStyle = Automatic;
					};
				};
			};
			buildConfigurationList = 38EBACC51DC1F26C00A1FF09 /* Build configuration list for PBXProject "WOWRibbonView" */;
			compatibilityVersion = "Xcode 3.2";
			developmentRegion = English;
			hasScannedForEncodings = 0;
			knownRegions = (
				en,
				Base,
			);
			mainGroup = 38EBACC11DC1F26C00A1FF09;
			productRefGroup = 38EBACCB1DC1F26C00A1FF09 /* Products */;
			projectDirPath = "";
			projectRoot = "";
			targets = (
				38EBACC91DC1F26C00A1FF09 /* WOWRibbonView */,
			);
		};
/* End PBXProject section */

/* Begin PBXResourcesBuildPhase section */
		38EBACC81DC1F26C00A1FF09 /* Resources */ = {
			isa = PBXResourcesBuildPhase;
			buildActionMask = 2147483647;
			files = (
				38EBACD81DC1F26C00A1FF09 /* LaunchScreen.storyboard in Resources */,
				38EBACD51DC1F26C00A1FF09 /* Assets.xcassets in Resources */,
				38EBACD31DC1F26C00A1FF09 /* Main.storyboard in Resources */,
			);
			runOnlyForDeploymentPostprocessing = 0;
		};
/* End PBXResourcesBuildPhase section */

/* Begin PBXSourcesBuildPhase section */
		38EBACC61DC1F26C00A1FF09 /* Sources */ = {
			isa = PBXSourcesBuildPhase;
			buildActionMask = 2147483647;
			files = (
				38EBACD01DC1F26C00A1FF09 /* ViewController.swift in Sources */,
				38EBACE31DC1F2CA00A1FF09 /* WOWRibbonView.swift in Sources */,
				38EBACCE1DC1F26C00A1FF09 /* AppDelegate.swift in Sources */,
			);
			runOnlyForDeploymentPostprocessing = 0;
		};
/* End PBXSourcesBuildPhase section */

/* Begin PBXVariantGroup section */
		38EBACD11DC1F26C00A1FF09 /* Main.storyboard */ = {
			isa = PBXVariantGroup;
			children = (
				38EBACD21DC1F26C00A1FF09 /* Base */,
			);
			name = Main.storyboard;
			sourceTree = "<group>";
		};
		38EBACD61DC1F26C00A1FF09 /* LaunchScreen.storyboard */ = {
			isa = PBXVariantGroup;
			children = (
				38EBACD71DC1F26C00A1FF09 /* Base */,
			);
			name = LaunchScreen.storyboard;
			sourceTree = "<group>";
		};
/* End PBXVariantGroup section */

/* Begin XCBuildConfiguration section */
		38EBACDA1DC1F26C00A1FF09 /* Debug */ = {
			isa = XCBuildConfiguration;
			buildSettings = {
				ALWAYS_SEARCH_USER_PATHS = NO;
				CLANG_ANALYZER_NONNULL = YES;
				CLANG_CXX_LANGUAGE_STANDARD = "gnu++0x";
				CLANG_CXX_LIBRARY = "libc++";
				CLANG_ENABLE_MODULES = YES;
				CLANG_ENABLE_OBJC_ARC = YES;
				CLANG_WARN_BOOL_CONVERSION = YES;
				CLANG_WARN_CONSTANT_CONVERSION = YES;
				CLANG_WARN_DIRECT_OBJC_ISA_USAGE = YES_ERROR;
				CLANG_WARN_DOCUMENTATION_COMMENTS = YES;
				CLANG_WARN_EMPTY_BODY = YES;
				CLANG_WARN_ENUM_CONVERSION = YES;
				CLANG_WARN_INFINITE_RECURSION = YES;
				CLANG_WARN_INT_CONVERSION = YES;
				CLANG_WARN_OBJC_ROOT_CLASS = YES_ERROR;
				CLANG_WARN_SUSPICIOUS_MOVES = YES;
				CLANG_WARN_UNREACHABLE_CODE = YES;
				CLANG_WARN__DUPLICATE_METHOD_MATCH = YES;
				"CODE_SIGN_IDENTITY[sdk=iphoneos*]" = "iPhone Developer";
				COPY_PHASE_STRIP = NO;
				DEBUG_INFORMATION_FORMAT = dwarf;
				ENABLE_STRICT_OBJC_MSGSEND = YES;
				ENABLE_TESTABILITY = YES;
				GCC_C_LANGUAGE_STANDARD = gnu99;
				GCC_DYNAMIC_NO_PIC = NO;
				GCC_NO_COMMON_BLOCKS = YES;
				GCC_OPTIMIZATION_LEVEL = 0;
				GCC_PREPROCESSOR_DEFINITIONS = (
					"DEBUG=1",
					"$(inherited)",
				);
				GCC_WARN_64_TO_32_BIT_CONVERSION = YES;
				GCC_WARN_ABOUT_RETURN_TYPE = YES_ERROR;
				GCC_WARN_UNDECLARED_SELECTOR = YES;
				GCC_WARN_UNINITIALIZED_AUTOS = YES_AGGRESSIVE;
				GCC_WARN_UNUSED_FUNCTION = YES;
				GCC_WARN_UNUSED_VARIABLE = YES;
				IPHONEOS_DEPLOYMENT_TARGET = 10.0;
				MTL_ENABLE_DEBUG_INFO = YES;
				ONLY_ACTIVE_ARCH = YES;
				SDKROOT = iphoneos;
				SWIFT_ACTIVE_COMPILATION_CONDITIONS = DEBUG;
				SWIFT_OPTIMIZATION_LEVEL = "-Onone";
			};
			name = Debug;
		};
		38EBACDB1DC1F26C00A1FF09 /* Release */ = {
			isa = XCBuildConfiguration;
			buildSettings = {
				ALWAYS_SEARCH_USER_PATHS = NO;
				CLANG_ANALYZER_NONNULL = YES;
				CLANG_CXX_LANGUAGE_STANDARD = "gnu++0x";
				CLANG_CXX_LIBRARY = "libc++";
				CLANG_ENABLE_MODULES = YES;
				CLANG_ENABLE_OBJC_ARC = YES;
				CLANG_WARN_BOOL_CONVERSION = YES;
				CLANG_WARN_CONSTANT_CONVERSION = YES;
				CLANG_WARN_DIRECT_OBJC_ISA_USAGE = YES_ERROR;
				CLANG_WARN_DOCUMENTATION_COMMENTS = YES;
				CLANG_WARN_EMPTY_BODY = YES;
				CLANG_WARN_ENUM_CONVERSION = YES;
				CLANG_WARN_INFINITE_RECURSION = YES;
				CLANG_WARN_INT_CONVERSION = YES;
				CLANG_WARN_OBJC_ROOT_CLASS = YES_ERROR;
				CLANG_WARN_SUSPICIOUS_MOVES = YES;
				CLANG_WARN_UNREACHABLE_CODE = YES;
				CLANG_WARN__DUPLICATE_METHOD_MATCH = YES;
				"CODE_SIGN_IDENTITY[sdk=iphoneos*]" = "iPhone Developer";
				COPY_PHASE_STRIP = NO;
				DEBUG_INFORMATION_FORMAT = "dwarf-with-dsym";
				ENABLE_NS_ASSERTIONS = NO;
				ENABLE_STRICT_OBJC_MSGSEND = YES;
				GCC_C_LANGUAGE_STANDARD = gnu99;
				GCC_NO_COMMON_BLOCKS = YES;
				GCC_WARN_64_TO_32_BIT_CONVERSION = YES;
				GCC_WARN_ABOUT_RETURN_TYPE = YES_ERROR;
				GCC_WARN_UNDECLARED_SELECTOR = YES;
				GCC_WARN_UNINITIALIZED_AUTOS = YES_AGGRESSIVE;
				GCC_WARN_UNUSED_FUNCTION = YES;
				GCC_WARN_UNUSED_VARIABLE = YES;
				IPHONEOS_DEPLOYMENT_TARGET = 10.0;
				MTL_ENABLE_DEBUG_INFO = NO;
				SDKROOT = iphoneos;
				SWIFT_OPTIMIZATION_LEVEL = "-Owholemodule";
				VALIDATE_PRODUCT = YES;
			};
			name = Release;
		};
		38EBACDD1DC1F26C00A1FF09 /* Debug */ = {
			isa = XCBuildConfiguration;
			buildSettings = {
				ASSETCATALOG_COMPILER_APPICON_NAME = AppIcon;
				DEVELOPMENT_TEAM = N39FB4CHYV;
				INFOPLIST_FILE = WOWRibbonView/Info.plist;
				LD_RUNPATH_SEARCH_PATHS = "$(inherited) @executable_path/Frameworks";
				PRODUCT_BUNDLE_IDENTIFIER = com.wowtv.ribbonviewdemo;
				PRODUCT_NAME = "$(TARGET_NAME)";
				SWIFT_VERSION = 3.0;
			};
			name = Debug;
		};
		38EBACDE1DC1F26C00A1FF09 /* Release */ = {
			isa = XCBuildConfiguration;
			buildSettings = {
				ASSETCATALOG_COMPILER_APPICON_NAME = AppIcon;
				DEVELOPMENT_TEAM = N39FB4CHYV;
				INFOPLIST_FILE = WOWRibbonView/Info.plist;
				LD_RUNPATH_SEARCH_PATHS = "$(inherited) @executable_path/Frameworks";
				PRODUCT_BUNDLE_IDENTIFIER = com.wowtv.ribbonviewdemo;
				PRODUCT_NAME = "$(TARGET_NAME)";
				SWIFT_VERSION = 3.0;
			};
			name = Release;
		};
/* End XCBuildConfiguration section */

/* Begin XCConfigurationList section */
		38EBACC51DC1F26C00A1FF09 /* Build configuration list for PBXProject "WOWRibbonView" */ = {
			isa = XCConfigurationList;
			buildConfigurations = (
				38EBACDA1DC1F26C00A1FF09 /* Debug */,
				38EBACDB1DC1F26C00A1FF09 /* Release */,
			);
			defaultConfigurationIsVisible = 0;
			defaultConfigurationName = Release;
		};
		38EBACDC1DC1F26C00A1FF09 /* Build configuration list for PBXNativeTarget "WOWRibbonView" */ = {
			isa = XCConfigurationList;
			buildConfigurations = (
				38EBACDD1DC1F26C00A1FF09 /* Debug */,
				38EBACDE1DC1F26C00A1FF09 /* Release */,
			);
			defaultConfigurationIsVisible = 0;
		};
/* End XCConfigurationList section */
	};
	rootObject = 38EBACC21DC1F26C00A1FF09 /* Project object */;
}
